
Microsoft Visual Studio Solution File, Format Version 12.00
# Visual Studio Version 17
VisualStudioVersion = 17.14.36025.13
MinimumVisualStudioVersion = 10.0.40219.1
Project("{8BC9CEB8-8B4A-11D0-8D11-00A0C91BC942}") = "KbdSlav", "KbdSlav\KbdSlav.vcxproj", "{6D95F4F8-0E46-CFF1-9A26-99DCE2A14C82}"
EndProject
Project("{8BC9CEB8-8B4A-11D0-8D11-00A0C91BC942}") = "KbdLat", "KbdLat\KbdLat.vcxproj", "{6896FD58-84CA-379A-3950-9AB3988945FC}"
EndProject
Project("{8BC9CEB8-8B4A-11D0-8D11-00A0C91BC942}") = "DeCompile", "DeCompile\DeCompile.vcxproj", "{DBEF114A-7927-4046-AF2B-737D97992F19}"
EndProject
Project("{2150E333-8FDC-42A3-9474-1A3956D46DE8}") = "Samples", "Samples", "{36D591C7-65C7-A0D1-1CBC-10CDE441BDC8}"
EndProject
Project("{8BC9CEB8-8B4A-11D0-8D11-00A0C91BC942}") = "kbdus", "E:\Samples\Windows-driver-samples\input\layout\kbdus\kbdus.vcxproj", "{C51EA5C9-2C11-4BA0-A8F1-E59CE1315B3C}"
EndProject
Project("{8BC9CEB8-8B4A-11D0-8D11-00A0C91BC942}") = "kbdfr", "E:\Samples\Windows-driver-samples\input\layout\all_kbds\kbdfr\kbdfr.vcxproj", "{8CC545F3-0678-4AC8-8A25-2110DB6BF1BD}"
EndProject
Project("{8BC9CEB8-8B4A-11D0-8D11-00A0C91BC942}") = "kbdgr", "E:\Samples\Windows-driver-samples\input\layout\all_kbds\kbdgr\kbdgr.vcxproj", "{F918E44C-4E53-4267-BFDB-71112122DFE2}"
EndProject
Project("{8BC9CEB8-8B4A-11D0-8D11-00A0C91BC942}") = "kbd106", "E:\Samples\Windows-driver-samples\input\layout\fe_kbds\jpn\106\kbd106.vcxproj", "{07365E50-1324-40D2-832B-62DE0747FE4D}"
EndProject
Project("{8BC9CEB8-8B4A-11D0-8D11-00A0C91BC942}") = "kbd101", "E:\Samples\Windows-driver-samples\input\layout\fe_kbds\jpn\101\kbd101.vcxproj", "{FBA54F55-C1FA-48D3-85E5-403BA6AD2469}"
EndProject
Global
	GlobalSection(SolutionConfigurationPlatforms) = preSolution
		Debug|ARM64 = Debug|ARM64
		Debug|x64 = Debug|x64
		Debug|x86 = Debug|x86
		MSKLC|ARM64 = MSKLC|ARM64
		MSKLC|x64 = MSKLC|x64
		MSKLC|x86 = MSKLC|x86
		Release|ARM64 = Release|ARM64
		Release|x64 = Release|x64
		Release|x86 = Release|x86
	EndGlobalSection
	GlobalSection(ProjectConfigurationPlatforms) = postSolution
		{6D95F4F8-0E46-CFF1-9A26-99DCE2A14C82}.Debug|ARM64.ActiveCfg = Release|ARM64
		{6D95F4F8-0E46-CFF1-9A26-99DCE2A14C82}.Debug|ARM64.Build.0 = Release|ARM64
		{6D95F4F8-0E46-CFF1-9A26-99DCE2A14C82}.Debug|x64.ActiveCfg = Release|x64
		{6D95F4F8-0E46-CFF1-9A26-99DCE2A14C82}.Debug|x64.Build.0 = Release|x64
		{6D95F4F8-0E46-CFF1-9A26-99DCE2A14C82}.Debug|x86.ActiveCfg = Release|Win32
		{6D95F4F8-0E46-CFF1-9A26-99DCE2A14C82}.Debug|x86.Build.0 = Release|Win32
		{6D95F4F8-0E46-CFF1-9A26-99DCE2A14C82}.MSKLC|ARM64.ActiveCfg = MSKLC|ARM64
		{6D95F4F8-0E46-CFF1-9A26-99DCE2A14C82}.MSKLC|ARM64.Build.0 = MSKLC|ARM64
		{6D95F4F8-0E46-CFF1-9A26-99DCE2A14C82}.MSKLC|x64.ActiveCfg = MSKLC|x64
		{6D95F4F8-0E46-CFF1-9A26-99DCE2A14C82}.MSKLC|x64.Build.0 = MSKLC|x64
		{6D95F4F8-0E46-CFF1-9A26-99DCE2A14C82}.MSKLC|x86.ActiveCfg = MSKLC|Win32
		{6D95F4F8-0E46-CFF1-9A26-99DCE2A14C82}.MSKLC|x86.Build.0 = MSKLC|Win32
		{6D95F4F8-0E46-CFF1-9A26-99DCE2A14C82}.Release|ARM64.ActiveCfg = Release|ARM64
		{6D95F4F8-0E46-CFF1-9A26-99DCE2A14C82}.Release|ARM64.Build.0 = Release|ARM64
		{6D95F4F8-0E46-CFF1-9A26-99DCE2A14C82}.Release|x64.ActiveCfg = Release|x64
		{6D95F4F8-0E46-CFF1-9A26-99DCE2A14C82}.Release|x64.Build.0 = Release|x64
		{6D95F4F8-0E46-CFF1-9A26-99DCE2A14C82}.Release|x86.ActiveCfg = Release|Win32
		{6D95F4F8-0E46-CFF1-9A26-99DCE2A14C82}.Release|x86.Build.0 = Release|Win32
		{6896FD58-84CA-379A-3950-9AB3988945FC}.Debug|ARM64.ActiveCfg = Release|ARM64
		{6896FD58-84CA-379A-3950-9AB3988945FC}.Debug|ARM64.Build.0 = Release|ARM64
		{6896FD58-84CA-379A-3950-9AB3988945FC}.Debug|x64.ActiveCfg = Release|x64
		{6896FD58-84CA-379A-3950-9AB3988945FC}.Debug|x64.Build.0 = Release|x64
		{6896FD58-84CA-379A-3950-9AB3988945FC}.Debug|x86.ActiveCfg = Release|Win32
		{6896FD58-84CA-379A-3950-9AB3988945FC}.Debug|x86.Build.0 = Release|Win32
		{6896FD58-84CA-379A-3950-9AB3988945FC}.MSKLC|ARM64.ActiveCfg = MSKLC|ARM64
		{6896FD58-84CA-379A-3950-9AB3988945FC}.MSKLC|ARM64.Build.0 = MSKLC|ARM64
		{6896FD58-84CA-379A-3950-9AB3988945FC}.MSKLC|x64.ActiveCfg = MSKLC|x64
		{6896FD58-84CA-379A-3950-9AB3988945FC}.MSKLC|x64.Build.0 = MSKLC|x64
		{6896FD58-84CA-379A-3950-9AB3988945FC}.MSKLC|x86.ActiveCfg = MSKLC|Win32
		{6896FD58-84CA-379A-3950-9AB3988945FC}.MSKLC|x86.Build.0 = MSKLC|Win32
		{6896FD58-84CA-379A-3950-9AB3988945FC}.Release|ARM64.ActiveCfg = Release|ARM64
		{6896FD58-84CA-379A-3950-9AB3988945FC}.Release|ARM64.Build.0 = Release|ARM64
		{6896FD58-84CA-379A-3950-9AB3988945FC}.Release|x64.ActiveCfg = Release|x64
		{6896FD58-84CA-379A-3950-9AB3988945FC}.Release|x64.Build.0 = Release|x64
		{6896FD58-84CA-379A-3950-9AB3988945FC}.Release|x86.ActiveCfg = Release|Win32
		{6896FD58-84CA-379A-3950-9AB3988945FC}.Release|x86.Build.0 = Release|Win32
		{DBEF114A-7927-4046-AF2B-737D97992F19}.Debug|ARM64.ActiveCfg = Debug|x64
		{DBEF114A-7927-4046-AF2B-737D97992F19}.Debug|x64.ActiveCfg = Debug|x64
		{DBEF114A-7927-4046-AF2B-737D97992F19}.Debug|x64.Build.0 = Debug|x64
		{DBEF114A-7927-4046-AF2B-737D97992F19}.Debug|x86.ActiveCfg = Debug|x64
		{DBEF114A-7927-4046-AF2B-737D97992F19}.MSKLC|ARM64.ActiveCfg = Debug|x64
		{DBEF114A-7927-4046-AF2B-737D97992F19}.MSKLC|x64.ActiveCfg = Debug|x64
		{DBEF114A-7927-4046-AF2B-737D97992F19}.MSKLC|x86.ActiveCfg = Debug|x64
		{DBEF114A-7927-4046-AF2B-737D97992F19}.Release|ARM64.ActiveCfg = Release|x64
		{DBEF114A-7927-4046-AF2B-737D97992F19}.Release|x64.ActiveCfg = Release|x64
		{DBEF114A-7927-4046-AF2B-737D97992F19}.Release|x64.Build.0 = Release|x64
		{DBEF114A-7927-4046-AF2B-737D97992F19}.Release|x86.ActiveCfg = Release|x64
		{C51EA5C9-2C11-4BA0-A8F1-E59CE1315B3C}.Debug|ARM64.ActiveCfg = Debug|x64
		{C51EA5C9-2C11-4BA0-A8F1-E59CE1315B3C}.Debug|x64.ActiveCfg = Debug|x64
		{C51EA5C9-2C11-4BA0-A8F1-E59CE1315B3C}.Debug|x64.Build.0 = Debug|x64
		{C51EA5C9-2C11-4BA0-A8F1-E59CE1315B3C}.Debug|x86.ActiveCfg = Debug|Win32
		{C51EA5C9-2C11-4BA0-A8F1-E59CE1315B3C}.Debug|x86.Build.0 = Debug|Win32
		{C51EA5C9-2C11-4BA0-A8F1-E59CE1315B3C}.MSKLC|ARM64.ActiveCfg = Debug|x64
		{C51EA5C9-2C11-4BA0-A8F1-E59CE1315B3C}.MSKLC|x64.ActiveCfg = Debug|x64
		{C51EA5C9-2C11-4BA0-A8F1-E59CE1315B3C}.MSKLC|x86.ActiveCfg = Debug|Win32
		{C51EA5C9-2C11-4BA0-A8F1-E59CE1315B3C}.Release|ARM64.ActiveCfg = Release|x64
		{C51EA5C9-2C11-4BA0-A8F1-E59CE1315B3C}.Release|x64.ActiveCfg = Release|x64
		{C51EA5C9-2C11-4BA0-A8F1-E59CE1315B3C}.Release|x64.Build.0 = Release|x64
		{C51EA5C9-2C11-4BA0-A8F1-E59CE1315B3C}.Release|x86.ActiveCfg = Release|Win32
		{C51EA5C9-2C11-4BA0-A8F1-E59CE1315B3C}.Release|x86.Build.0 = Release|Win32
		{8CC545F3-0678-4AC8-8A25-2110DB6BF1BD}.Debug|ARM64.ActiveCfg = Debug|x64
		{8CC545F3-0678-4AC8-8A25-2110DB6BF1BD}.Debug|x64.ActiveCfg = Debug|x64
		{8CC545F3-0678-4AC8-8A25-2110DB6BF1BD}.Debug|x64.Build.0 = Debug|x64
		{8CC545F3-0678-4AC8-8A25-2110DB6BF1BD}.Debug|x86.ActiveCfg = Debug|Win32
		{8CC545F3-0678-4AC8-8A25-2110DB6BF1BD}.Debug|x86.Build.0 = Debug|Win32
		{8CC545F3-0678-4AC8-8A25-2110DB6BF1BD}.MSKLC|ARM64.ActiveCfg = Debug|x64
		{8CC545F3-0678-4AC8-8A25-2110DB6BF1BD}.MSKLC|x64.ActiveCfg = Debug|x64
		{8CC545F3-0678-4AC8-8A25-2110DB6BF1BD}.MSKLC|x86.ActiveCfg = Debug|Win32
		{8CC545F3-0678-4AC8-8A25-2110DB6BF1BD}.Release|ARM64.ActiveCfg = Release|x64
		{8CC545F3-0678-4AC8-8A25-2110DB6BF1BD}.Release|x64.ActiveCfg = Release|x64
		{8CC545F3-0678-4AC8-8A25-2110DB6BF1BD}.Release|x64.Build.0 = Release|x64
		{8CC545F3-0678-4AC8-8A25-2110DB6BF1BD}.Release|x86.ActiveCfg = Release|Win32
		{8CC545F3-0678-4AC8-8A25-2110DB6BF1BD}.Release|x86.Build.0 = Release|Win32
		{F918E44C-4E53-4267-BFDB-71112122DFE2}.Debug|ARM64.ActiveCfg = Debug|x64
		{F918E44C-4E53-4267-BFDB-71112122DFE2}.Debug|x64.ActiveCfg = Debug|x64
		{F918E44C-4E53-4267-BFDB-71112122DFE2}.Debug|x64.Build.0 = Debug|x64
		{F918E44C-4E53-4267-BFDB-71112122DFE2}.Debug|x86.ActiveCfg = Debug|Win32
		{F918E44C-4E53-4267-BFDB-71112122DFE2}.Debug|x86.Build.0 = Debug|Win32
		{F918E44C-4E53-4267-BFDB-71112122DFE2}.MSKLC|ARM64.ActiveCfg = Debug|x64
		{F918E44C-4E53-4267-BFDB-71112122DFE2}.MSKLC|x64.ActiveCfg = Debug|x64
		{F918E44C-4E53-4267-BFDB-71112122DFE2}.MSKLC|x86.ActiveCfg = Debug|Win32
		{F918E44C-4E53-4267-BFDB-71112122DFE2}.Release|ARM64.ActiveCfg = Release|x64
		{F918E44C-4E53-4267-BFDB-71112122DFE2}.Release|x64.ActiveCfg = Release|x64
		{F918E44C-4E53-4267-BFDB-71112122DFE2}.Release|x64.Build.0 = Release|x64
		{F918E44C-4E53-4267-BFDB-71112122DFE2}.Release|x86.ActiveCfg = Release|Win32
		{F918E44C-4E53-4267-BFDB-71112122DFE2}.Release|x86.Build.0 = Release|Win32
		{07365E50-1324-40D2-832B-62DE0747FE4D}.Debug|ARM64.ActiveCfg = Debug|x64
		{07365E50-1324-40D2-832B-62DE0747FE4D}.Debug|x64.ActiveCfg = Debug|x64
		{07365E50-1324-40D2-832B-62DE0747FE4D}.Debug|x64.Build.0 = Debug|x64
		{07365E50-1324-40D2-832B-62DE0747FE4D}.Debug|x86.ActiveCfg = Debug|Win32
		{07365E50-1324-40D2-832B-62DE0747FE4D}.Debug|x86.Build.0 = Debug|Win32
		{07365E50-1324-40D2-832B-62DE0747FE4D}.MSKLC|ARM64.ActiveCfg = Debug|x64
		{07365E50-1324-40D2-832B-62DE0747FE4D}.MSKLC|x64.ActiveCfg = Debug|x64
		{07365E50-1324-40D2-832B-62DE0747FE4D}.MSKLC|x86.ActiveCfg = Debug|Win32
		{07365E50-1324-40D2-832B-62DE0747FE4D}.Release|ARM64.ActiveCfg = Release|x64
		{07365E50-1324-40D2-832B-62DE0747FE4D}.Release|x64.ActiveCfg = Release|x64
		{07365E50-1324-40D2-832B-62DE0747FE4D}.Release|x64.Build.0 = Release|x64
		{07365E50-1324-40D2-832B-62DE0747FE4D}.Release|x86.ActiveCfg = Release|Win32
		{07365E50-1324-40D2-832B-62DE0747FE4D}.Release|x86.Build.0 = Release|Win32
		{FBA54F55-C1FA-48D3-85E5-403BA6AD2469}.Debug|ARM64.ActiveCfg = Debug|x64
		{FBA54F55-C1FA-48D3-85E5-403BA6AD2469}.Debug|x64.ActiveCfg = Debug|x64
		{FBA54F55-C1FA-48D3-85E5-403BA6AD2469}.Debug|x64.Build.0 = Debug|x64
		{FBA54F55-C1FA-48D3-85E5-403BA6AD2469}.Debug|x86.ActiveCfg = Debug|Win32
		{FBA54F55-C1FA-48D3-85E5-403BA6AD2469}.Debug|x86.Build.0 = Debug|Win32
		{FBA54F55-C1FA-48D3-85E5-403BA6AD2469}.MSKLC|ARM64.ActiveCfg = Debug|x64
		{FBA54F55-C1FA-48D3-85E5-403BA6AD2469}.MSKLC|x64.ActiveCfg = Debug|x64
		{FBA54F55-C1FA-48D3-85E5-403BA6AD2469}.MSKLC|x86.ActiveCfg = Debug|Win32
		{FBA54F55-C1FA-48D3-85E5-403BA6AD2469}.Release|ARM64.ActiveCfg = Release|x64
		{FBA54F55-C1FA-48D3-85E5-403BA6AD2469}.Release|x64.ActiveCfg = Release|x64
		{FBA54F55-C1FA-48D3-85E5-403BA6AD2469}.Release|x64.Build.0 = Release|x64
		{FBA54F55-C1FA-48D3-85E5-403BA6AD2469}.Release|x86.ActiveCfg = Release|Win32
		{FBA54F55-C1FA-48D3-85E5-403BA6AD2469}.Release|x86.Build.0 = Release|Win32
	EndGlobalSection
	GlobalSection(SolutionProperties) = preSolution
		HideSolutionNode = FALSE
	EndGlobalSection
	GlobalSection(NestedProjects) = preSolution
		{C51EA5C9-2C11-4BA0-A8F1-E59CE1315B3C} = {36D591C7-65C7-A0D1-1CBC-10CDE441BDC8}
		{8CC545F3-0678-4AC8-8A25-2110DB6BF1BD} = {36D591C7-65C7-A0D1-1CBC-10CDE441BDC8}
		{F918E44C-4E53-4267-BFDB-71112122DFE2} = {36D591C7-65C7-A0D1-1CBC-10CDE441BDC8}
		{07365E50-1324-40D2-832B-62DE0747FE4D} = {36D591C7-65C7-A0D1-1CBC-10CDE441BDC8}
		{FBA54F55-C1FA-48D3-85E5-403BA6AD2469} = {36D591C7-65C7-A0D1-1CBC-10CDE441BDC8}
	EndGlobalSection
	GlobalSection(ExtensibilityGlobals) = postSolution
		SolutionGuid = {F5D6A438-C7FD-4C80-BC8B-A318AC83A243}
	EndGlobalSection
EndGlobal
